
Microsoft Visual Studio Solution File, Format Version 12.00
# Visual Studio Version 16
VisualStudioVersion = 16.0.31402.337
MinimumVisualStudioVersion = 10.0.40219.1
Project("{FAE04EC0-301F-11D3-BF4B-00C04F79EFBC}") = "UploadImages", "UploadImages.csproj", "{A9249E70-F504-4289-AA91-EB5A6D372DBF}"
EndProject
Global
	GlobalSection(SolutionConfigurationPlatforms) = preSolution
		Debug|Any CPU = Debug|Any CPU
		Release|Any CPU = Release|Any CPU
	EndGlobalSection
	GlobalSection(ProjectConfigurationPlatforms) = postSolution
		{A9249E70-F504-4289-AA91-EB5A6D372DBF}.Debug|Any CPU.ActiveCfg = Debug|Any CPU
		{A9249E70-F504-4289-AA91-EB5A6D372DBF}.Debug|Any CPU.Build.0 = Debug|Any CPU
		{A9249E70-F504-4289-AA91-EB5A6D372DBF}.Release|Any CPU.ActiveCfg = Release|Any CPU
		{A9249E70-F504-4289-AA91-EB5A6D372DBF}.Release|Any CPU.Build.0 = Release|Any CPU
	EndGlobalSection
	GlobalSection(SolutionProperties) = preSolution
		HideSolutionNode = FALSE
	EndGlobalSection
	GlobalSection(ExtensibilityGlobals) = postSolution
		SolutionGuid = {9A0DE084-FFB8-4B83-94D1-746CAB55DCB9}
	EndGlobalSection
EndGlobal
